<Solution>
  <Folder Name="/ConsoleApp/">
    <Project Path="ConsoleApp/OpenATLAS.ConsoleApp.csproj" />
  </Folder>
  <Folder Name="/Core/">
    <Project Path="Core/OpenATLAS.Core.csproj" />
  </Folder>
  <Folder Name="/Tests/">
    <Project Path="Tests/OpenATLAS.Tests.csproj" />
  </Folder>
</Solution>
